
Microsoft Visual Studio Solution File, Format Version 12.00
# Visual Studio Version 16
VisualStudioVersion = 16.0.32002.261
MinimumVisualStudioVersion = 10.0.40219.1
Project("{FAE04EC0-301F-11D3-BF4B-00C04F79EFBC}") = "datetime 1", "datetime 1\datetime 1.csproj", "{8E6595C3-A727-4B99-BBDE-96DD3C78C261}"
EndProject
Global
	GlobalSection(SolutionConfigurationPlatforms) = preSolution
		Debug|Any CPU = Debug|Any CPU
		Release|Any CPU = Release|Any CPU
	EndGlobalSection
	GlobalSection(ProjectConfigurationPlatforms) = postSolution
		{8E6595C3-A727-4B99-BBDE-96DD3C78C261}.Debug|Any CPU.ActiveCfg = Debug|Any CPU
		{8E6595C3-A727-4B99-BBDE-96DD3C78C261}.Debug|Any CPU.Build.0 = Debug|Any CPU
		{8E6595C3-A727-4B99-BBDE-96DD3C78C261}.Release|Any CPU.ActiveCfg = Release|Any CPU
		{8E6595C3-A727-4B99-BBDE-96DD3C78C261}.Release|Any CPU.Build.0 = Release|Any CPU
	EndGlobalSection
	GlobalSection(SolutionProperties) = preSolution
		HideSolutionNode = FALSE
	EndGlobalSection
	GlobalSection(ExtensibilityGlobals) = postSolution
		SolutionGuid = {EA44E1D8-22A8-4CD1-B8DF-CB01B0EAF1E6}
	EndGlobalSection
EndGlobal
